# @generated - this file is auto-generated by `mise lock` https://mise.jdx.dev/dev-tools/mise-lock.html

[[tools.pipx]]
version = "1.16.7"
backend = "aqua:pypa/pipx"

[tools.pipx."platforms.linux-arm64"]
checksum = "sha256:302633d0061e0ab4269257501cbe1338cde5f00f22f121543706624aada0145e"
url = "https://github.com/pypa/pipx/releases/download/1.16.7/pipx.pyz"
url_api = "https://api.github.com/repos/pypa/pipx/releases/assets/513588802"

[tools.pipx."platforms.linux-arm64-musl"]
checksum = "sha256:302633d0061e0ab4269257501cbe1338cde5f00f22f121543706624aada0145e"
url = "https://github.com/pypa/pipx/releases/download/1.16.7/pipx.pyz"
url_api = "https://api.github.com/repos/pypa/pipx/releases/assets/513588802"

[tools.pipx."platforms.linux-x64"]
checksum = "sha256:302633d0061e0ab4269257501cbe1338cde5f00f22f121543706624aada0145e"
url = "https://github.com/pypa/pipx/releases/download/1.16.7/pipx.pyz"
url_api = "https://api.github.com/repos/pypa/pipx/releases/assets/513588802"

[tools.pipx."platforms.linux-x64-musl"]
checksum = "sha256:302633d0061e0ab4269257501cbe1338cde5f00f22f121543706624aada0145e"
url = "https://github.com/pypa/pipx/releases/download/1.16.7/pipx.pyz"
url_api = "https://api.github.com/repos/pypa/pipx/releases/assets/513588802"

[tools.pipx."platforms.macos-arm64"]
checksum = "sha256:302633d0061e0ab4269257501cbe1338cde5f00f22f121543706624aada0145e"
url = "https://github.com/pypa/pipx/releases/download/1.16.7/pipx.pyz"
url_api = "https://api.github.com/repos/pypa/pipx/releases/assets/513588802"

[tools.pipx."platforms.macos-x64"]
checksum = "sha256:302633d0061e0ab4269257501cbe1338cde5f00f22f121543706624aada0145e"
url = "https://github.com/pypa/pipx/releases/download/1.16.7/pipx.pyz"
url_api = "https://api.github.com/repos/pypa/pipx/releases/assets/513588802"

[[tools."pipx:cruft"]]
version = "2.16.0"
backend = "pipx:cruft"

[[tools.terraform]]
version = "1.16.0"
backend = "aqua:hashicorp/terraform"

[tools.terraform."platforms.linux-arm64"]
checksum = "sha256:60f86cea49a653e22a93c000f16cbfa391ce41c6f6a11d36557c35da411f684c"
url = "https://releases.hashicorp.com/terraform/1.16.0/terraform_1.16.0_linux_arm64.zip"

[tools.terraform."platforms.linux-arm64-musl"]
checksum = "sha256:60f86cea49a653e22a93c000f16cbfa391ce41c6f6a11d36557c35da411f684c"
url = "https://releases.hashicorp.com/terraform/1.16.0/terraform_1.16.0_linux_arm64.zip"

[tools.terraform."platforms.linux-x64"]
checksum = "sha256:41d05b927aa174f15d1228c4eba832a323b716c68b415ef5a00179f46cc602d3"
url = "https://releases.hashicorp.com/terraform/1.16.0/terraform_1.16.0_linux_amd64.zip"

[tools.terraform."platforms.linux-x64-musl"]
checksum = "sha256:41d05b927aa174f15d1228c4eba832a323b716c68b415ef5a00179f46cc602d3"
url = "https://releases.hashicorp.com/terraform/1.16.0/terraform_1.16.0_linux_amd64.zip"

[tools.terraform."platforms.macos-arm64"]
checksum = "sha256:5dd692c6cc76b596029ff3c2b2b4c3a1710f92d3de6d2da3f66bd2e0c2daa92a"
url = "https://releases.hashicorp.com/terraform/1.16.0/terraform_1.16.0_darwin_arm64.zip"

[tools.terraform."platforms.macos-x64"]
checksum = "sha256:2b2b7d37f6893474fa3622fa96053e54949c4ddfca4aba105380718157936465"
url = "https://releases.hashicorp.com/terraform/1.16.0/terraform_1.16.0_darwin_amd64.zip"
